
Microsoft Visual Studio Solution File, Format Version 12.00
# Visual Studio 14
VisualStudioVersion = 14.0.24720.0
MinimumVisualStudioVersion = 10.0.40219.1
Project("{FAE04EC0-301F-11D3-BF4B-00C04F79EFBC}") = "RacingMachinez.Plugins.ProjectCars", "RacingMachinez.Plugins\RacingMachinez.Plugins.ProjectCars\RacingMachinez.Plugins.ProjectCars.csproj", "{4656BB24-4521-46D2-A238-935B04F860D8}"
EndProject
Project("{FAE04EC0-301F-11D3-BF4B-00C04F79EFBC}") = "RacingMachinez.Plugins.TestSample", "RacingMachinez.Plugins\RacingMachinez.Plugins.TestSample\RacingMachinez.Plugins.TestSample.csproj", "{6566E1D5-8AAF-4C1D-95A2-1D34AD111B7F}"
EndProject
Global
	GlobalSection(SolutionConfigurationPlatforms) = preSolution
		Debug|Any CPU = Debug|Any CPU
		Release|Any CPU = Release|Any CPU
	EndGlobalSection
	GlobalSection(ProjectConfigurationPlatforms) = postSolution
		{4656BB24-4521-46D2-A238-935B04F860D8}.Debug|Any CPU.ActiveCfg = Debug|Any CPU
		{4656BB24-4521-46D2-A238-935B04F860D8}.Debug|Any CPU.Build.0 = Debug|Any CPU
		{4656BB24-4521-46D2-A238-935B04F860D8}.Release|Any CPU.ActiveCfg = Release|Any CPU
		{4656BB24-4521-46D2-A238-935B04F860D8}.Release|Any CPU.Build.0 = Release|Any CPU
		{6566E1D5-8AAF-4C1D-95A2-1D34AD111B7F}.Debug|Any CPU.ActiveCfg = Debug|Any CPU
		{6566E1D5-8AAF-4C1D-95A2-1D34AD111B7F}.Debug|Any CPU.Build.0 = Debug|Any CPU
		{6566E1D5-8AAF-4C1D-95A2-1D34AD111B7F}.Release|Any CPU.ActiveCfg = Release|Any CPU
		{6566E1D5-8AAF-4C1D-95A2-1D34AD111B7F}.Release|Any CPU.Build.0 = Release|Any CPU
	EndGlobalSection
	GlobalSection(SolutionProperties) = preSolution
		HideSolutionNode = FALSE
	EndGlobalSection
EndGlobal
