
Microsoft Visual Studio Solution File, Format Version 12.00
# Visual Studio 14
VisualStudioVersion = 14.0.24720.0
MinimumVisualStudioVersion = 10.0.40219.1
Project("{FAE04EC0-301F-11D3-BF4B-00C04F79EFBC}") = "RacingMachinez.TestConsole", "RacingMachinez.TestConsole\RacingMachinez.TestConsole.csproj", "{260DE160-8735-405E-82C6-0B8A31DE4A6B}"
EndProject
Project("{FAE04EC0-301F-11D3-BF4B-00C04F79EFBC}") = "RacingMachinez.Contracts", "RacingMachinez.Contracts\RacingMachinez.Contracts.csproj", "{69D97B1C-9086-417A-B6BB-A1E083A7FFB3}"
EndProject
Project("{FAE04EC0-301F-11D3-BF4B-00C04F79EFBC}") = "RacingMachinez.Core", "RacingMachinez.Core\RacingMachinez.Core.csproj", "{38254D1F-9D06-4AC0-B697-74CF55507E0C}"
EndProject
Project("{FAE04EC0-301F-11D3-BF4B-00C04F79EFBC}") = "RacingMachinez.Core.Interfaces", "RacingMachinez.Core.Interfaces\RacingMachinez.Core.Interfaces.csproj", "{6EAF9128-8F9F-4297-BCC4-E1A946B488C9}"
EndProject
Project("{FAE04EC0-301F-11D3-BF4B-00C04F79EFBC}") = "RacingMachinez.TrayApplication", "RacingMachinez.TrayApplication\RacingMachinez.TrayApplication.csproj", "{87377F9D-B419-44E8-9E3A-87E56CA1FA76}"
EndProject
Global
	GlobalSection(SolutionConfigurationPlatforms) = preSolution
		Debug|Any CPU = Debug|Any CPU
		Release|Any CPU = Release|Any CPU
	EndGlobalSection
	GlobalSection(ProjectConfigurationPlatforms) = postSolution
		{260DE160-8735-405E-82C6-0B8A31DE4A6B}.Debug|Any CPU.ActiveCfg = Debug|Any CPU
		{260DE160-8735-405E-82C6-0B8A31DE4A6B}.Debug|Any CPU.Build.0 = Debug|Any CPU
		{260DE160-8735-405E-82C6-0B8A31DE4A6B}.Release|Any CPU.ActiveCfg = Release|Any CPU
		{260DE160-8735-405E-82C6-0B8A31DE4A6B}.Release|Any CPU.Build.0 = Release|Any CPU
		{69D97B1C-9086-417A-B6BB-A1E083A7FFB3}.Debug|Any CPU.ActiveCfg = Debug|Any CPU
		{69D97B1C-9086-417A-B6BB-A1E083A7FFB3}.Debug|Any CPU.Build.0 = Debug|Any CPU
		{69D97B1C-9086-417A-B6BB-A1E083A7FFB3}.Release|Any CPU.ActiveCfg = Release|Any CPU
		{69D97B1C-9086-417A-B6BB-A1E083A7FFB3}.Release|Any CPU.Build.0 = Release|Any CPU
		{38254D1F-9D06-4AC0-B697-74CF55507E0C}.Debug|Any CPU.ActiveCfg = Debug|Any CPU
		{38254D1F-9D06-4AC0-B697-74CF55507E0C}.Debug|Any CPU.Build.0 = Debug|Any CPU
		{38254D1F-9D06-4AC0-B697-74CF55507E0C}.Release|Any CPU.ActiveCfg = Release|Any CPU
		{38254D1F-9D06-4AC0-B697-74CF55507E0C}.Release|Any CPU.Build.0 = Release|Any CPU
		{6EAF9128-8F9F-4297-BCC4-E1A946B488C9}.Debug|Any CPU.ActiveCfg = Debug|Any CPU
		{6EAF9128-8F9F-4297-BCC4-E1A946B488C9}.Debug|Any CPU.Build.0 = Debug|Any CPU
		{6EAF9128-8F9F-4297-BCC4-E1A946B488C9}.Release|Any CPU.ActiveCfg = Release|Any CPU
		{6EAF9128-8F9F-4297-BCC4-E1A946B488C9}.Release|Any CPU.Build.0 = Release|Any CPU
		{87377F9D-B419-44E8-9E3A-87E56CA1FA76}.Debug|Any CPU.ActiveCfg = Debug|Any CPU
		{87377F9D-B419-44E8-9E3A-87E56CA1FA76}.Debug|Any CPU.Build.0 = Debug|Any CPU
		{87377F9D-B419-44E8-9E3A-87E56CA1FA76}.Release|Any CPU.ActiveCfg = Release|Any CPU
		{87377F9D-B419-44E8-9E3A-87E56CA1FA76}.Release|Any CPU.Build.0 = Release|Any CPU
	EndGlobalSection
	GlobalSection(SolutionProperties) = preSolution
		HideSolutionNode = FALSE
	EndGlobalSection
EndGlobal
